
Microsoft Visual Studio Solution File, Format Version 12.00
# Visual Studio 14
VisualStudioVersion = 14.0.25420.1
MinimumVisualStudioVersion = 10.0.40219.1
Project("{8BC9CEB8-8B4A-11D0-8D11-00A0C91BC942}") = "2dVolumetricLighting", "2dVolumetricLighting.vcxproj", "{D445935C-BF6F-4803-AE16-D5FB156C2AE7}"
EndProject
Global
	GlobalSection(SolutionConfigurationPlatforms) = preSolution
		Debug|x64 = Debug|x64
		Release|x64 = Release|x64
	EndGlobalSection
	GlobalSection(ProjectConfigurationPlatforms) = postSolution
		{D445935C-BF6F-4803-AE16-D5FB156C2AE7}.Debug|x64.ActiveCfg = Debug|x64
		{D445935C-BF6F-4803-AE16-D5FB156C2AE7}.Debug|x64.Build.0 = Debug|x64
		{D445935C-BF6F-4803-AE16-D5FB156C2AE7}.Release|x64.ActiveCfg = Release|x64
		{D445935C-BF6F-4803-AE16-D5FB156C2AE7}.Release|x64.Build.0 = Release|x64
	EndGlobalSection
	GlobalSection(SolutionProperties) = preSolution
		HideSolutionNode = FALSE
	EndGlobalSection
EndGlobal
