<?xml version="1.0" encoding="utf-8"?>
<Project ToolsVersion="4.0" xmlns="http://schemas.microsoft.com/developer/msbuild/2003">
  <ItemGroup>
    <Filter Include="Source Files">
      <UniqueIdentifier>{4FC737F1-C7A5-4376-A066-2A32D752A2FF}</UniqueIdentifier>
      <Extensions>cpp;c;cc;cxx;def;odl;idl;hpj;bat;asm;asmx</Extensions>
    </Filter>
    <Filter Include="Header Files">
      <UniqueIdentifier>{93995380-89BD-4b04-88EB-625FBE52EBFB}</UniqueIdentifier>
      <Extensions>h;hh;hpp;hxx;hm;inl;inc;xsd</Extensions>
    </Filter>
    <Filter Include="Resource Files">
      <UniqueIdentifier>{67DA6AB6-F800-4c08-8B7A-83BB121AAD01}</UniqueIdentifier>
      <Extensions>rc;ico;cur;bmp;dlg;rc2;rct;bin;rgs;gif;jpg;jpeg;jpe;resx;tiff;tif;png;wav;mfcribbon-ms</Extensions>
    </Filter>
  </ItemGroup>
  <ItemGroup>
    <ClCompile Include="Engine\DebugUi.cpp">
      <Filter>Source Files</Filter>
    </ClCompile>
    <ClCompile Include="Engine\Light.cpp">
      <Filter>Source Files</Filter>
    </ClCompile>
    <ClCompile Include="Engine\Matrix.cpp">
      <Filter>Source Files</Filter>
    </ClCompile>
    <ClCompile Include="Engine\Obb.cpp">
      <Filter>Source Files</Filter>
    </ClCompile>
    <ClCompile Include="Engine\Scene.cpp">
      <Filter>Source Files</Filter>
    </ClCompile>
    <ClCompile Include="Engine\Utils.cpp">
      <Filter>Source Files</Filter>
    </ClCompile>
    <ClCompile Include="External\src\lodepng\lodepng.c">
      <Filter>Source Files</Filter>
    </ClCompile>
    <ClCompile Include="TriangleSort.cpp">
      <Filter>Source Files</Filter>
    </ClCompile>
    <ClCompile Include="Render\Asset.cpp">
      <Filter>Source Files</Filter>
    </ClCompile>
    <ClCompile Include="Render\Material.cpp">
      <Filter>Source Files</Filter>
    </ClCompile>
    <ClCompile Include="Render\Model.cpp">
      <Filter>Source Files</Filter>
    </ClCompile>
    <ClCompile Include="Render\PostEffect.cpp">
      <Filter>Source Files</Filter>
    </ClCompile>
    <ClCompile Include="Render\Render.cpp">
      <Filter>Source Files</Filter>
    </ClCompile>
    <ClCompile Include="Render\Shader.cpp">
      <Filter>Source Files</Filter>
    </ClCompile>
    <ClCompile Include="Render\Texture.cpp">
      <Filter>Source Files</Filter>
    </ClCompile>
    <ClCompile Include="Render\WindowsGL.cpp">
      <Filter>Source Files</Filter>
    </ClCompile>
    <ClCompile Include="Tool\Test.cpp">
      <Filter>Source Files</Filter>
    </ClCompile>
    <ClCompile Include="Tool\Utils.cpp">
      <Filter>Source Files</Filter>
    </ClCompile>
    <ClCompile Include="External\src\imgui\imgui.cpp">
      <Filter>Source Files</Filter>
    </ClCompile>
    <ClCompile Include="External\src\imgui\imgui_draw.cpp">
      <Filter>Source Files</Filter>
    </ClCompile>
  </ItemGroup>
  <ItemGroup>
    <ClInclude Include="Engine\Container\FixedVector.h">
      <Filter>Header Files</Filter>
    </ClInclude>
    <ClInclude Include="Engine\Container\LinkyList.h">
      <Filter>Header Files</Filter>
    </ClInclude>
    <ClInclude Include="Engine\DebugUI.h">
      <Filter>Header Files</Filter>
    </ClInclude>
    <ClInclude Include="Engine\Light.h">
      <Filter>Header Files</Filter>
    </ClInclude>
    <ClInclude Include="Engine\Matrix.h">
      <Filter>Header Files</Filter>
    </ClInclude>
    <ClInclude Include="Engine\Obb.h">
      <Filter>Header Files</Filter>
    </ClInclude>
    <ClInclude Include="Engine\Scene.h">
      <Filter>Header Files</Filter>
    </ClInclude>
    <ClInclude Include="Engine\Utils.h">
      <Filter>Header Files</Filter>
    </ClInclude>
    <ClInclude Include="External\src\lodepng\lodepng.h">
      <Filter>Header Files</Filter>
    </ClInclude>
    <ClInclude Include="Render\asset.h">
      <Filter>Header Files</Filter>
    </ClInclude>
    <ClInclude Include="Render\GL.h">
      <Filter>Header Files</Filter>
    </ClInclude>
    <ClInclude Include="Render\Material.h">
      <Filter>Header Files</Filter>
    </ClInclude>
    <ClInclude Include="Render\MaterialHandle.h">
      <Filter>Header Files</Filter>
    </ClInclude>
    <ClInclude Include="Render\Model.h">
      <Filter>Header Files</Filter>
    </ClInclude>
    <ClInclude Include="Render\PostEffect.h">
      <Filter>Header Files</Filter>
    </ClInclude>
    <ClInclude Include="Render\Render.h">
      <Filter>Header Files</Filter>
    </ClInclude>
    <ClInclude Include="Render\Shader.h">
      <Filter>Header Files</Filter>
    </ClInclude>
    <ClInclude Include="Render\Shaders\light.h">
      <Filter>Header Files</Filter>
    </ClInclude>
    <ClInclude Include="Render\Shaders\shader.h">
      <Filter>Header Files</Filter>
    </ClInclude>
    <ClInclude Include="Render\Texture.h">
      <Filter>Header Files</Filter>
    </ClInclude>
    <ClInclude Include="Render\WindowsGL.h">
      <Filter>Header Files</Filter>
    </ClInclude>
    <ClInclude Include="Tool\RMath.h">
      <Filter>Header Files</Filter>
    </ClInclude>
    <ClInclude Include="Tool\Test.h">
      <Filter>Header Files</Filter>
    </ClInclude>
    <ClInclude Include="Tool\Utils.h">
      <Filter>Header Files</Filter>
    </ClInclude>
  </ItemGroup>
  <ItemGroup>
    <CustomBuild Include="Render\Shaders\LitWaveFront2.fsh" />
    <CustomBuild Include="Render\Shaders\BlurX.fsh" />
    <CustomBuild Include="Render\Shaders\BlurY.fsh" />
    <CustomBuild Include="Render\Shaders\Planar.fsh" />
    <CustomBuild Include="Render\Shaders\SampleShadowMap.fsh" />
    <CustomBuild Include="Render\Shaders\ShadowCasters.fsh" />
    <CustomBuild Include="Render\Shaders\Simple.fsh" />
    <CustomBuild Include="Render\Shaders\SimpleTransparent.fsh" />
    <CustomBuild Include="Render\Shaders\LitWaveFront2.vsh" />
    <CustomBuild Include="Render\Shaders\BlurX.vsh" />
    <CustomBuild Include="Render\Shaders\BlurY.vsh" />
    <CustomBuild Include="Render\Shaders\Planar.vsh" />
    <CustomBuild Include="Render\Shaders\SampleShadowMap.vsh" />
    <CustomBuild Include="Render\Shaders\ShadowCasters.vsh" />
    <CustomBuild Include="Render\Shaders\Simple.vsh" />
    <CustomBuild Include="Render\Shaders\SimpleTransparent.vsh" />
    <CustomBuild Include="Render\Shaders\ShadowMap1dConical.fsh" />
    <CustomBuild Include="Render\Shaders\ShadowMap1dPoint.fsh" />
    <CustomBuild Include="Render\Shaders\ShadowMap1dConical.vsh" />
    <CustomBuild Include="Render\Shaders\ShadowMap1dPoint.vsh" />
    <CustomBuild Include="Render\Shaders\DebugLightPrepassSample.fsh" />
    <CustomBuild Include="Render\Shaders\DebugLightPrepassSample.vsh" />
    <CustomBuild Include="Render\Shaders\LightPrepass.fsh" />
    <CustomBuild Include="Render\Shaders\LightPrepass.vsh" />
  </ItemGroup>
</Project>